
Microsoft Visual Studio Solution File, Format Version 12.00
# Visual Studio 2012
Project("{2150E333-8FDC-42A3-9474-1A3956D46DE8}") = "Web", "Web", "{22E7C3C1-F1B5-4C50-9BBC-4B772BD6C303}"
EndProject
Project("{FAE04EC0-301F-11D3-BF4B-00C04F79EFBC}") = "Boz.Web", "Boz.Web\Boz.Web.csproj", "{103D5B4C-4035-4829-8D78-55EC6665E6FB}"
EndProject
Project("{FAE04EC0-301F-11D3-BF4B-00C04F79EFBC}") = "Boz.Web.Tests", "Boz.Web.Tests\Boz.Web.Tests.csproj", "{B5272079-C1A4-4075-ABE1-2523EF1CD22C}"
EndProject
Project("{FAE04EC0-301F-11D3-BF4B-00C04F79EFBC}") = "Mvc4Sample", "Mvc4Sample\Mvc4Sample.csproj", "{DDC6F492-C15D-4D33-A402-B1E4FE1F60BF}"
EndProject
Global
	GlobalSection(SolutionConfigurationPlatforms) = preSolution
		Debug|Any CPU = Debug|Any CPU
		Release|Any CPU = Release|Any CPU
	EndGlobalSection
	GlobalSection(ProjectConfigurationPlatforms) = postSolution
		{103D5B4C-4035-4829-8D78-55EC6665E6FB}.Debug|Any CPU.ActiveCfg = Debug|Any CPU
		{103D5B4C-4035-4829-8D78-55EC6665E6FB}.Debug|Any CPU.Build.0 = Debug|Any CPU
		{103D5B4C-4035-4829-8D78-55EC6665E6FB}.Release|Any CPU.ActiveCfg = Release|Any CPU
		{103D5B4C-4035-4829-8D78-55EC6665E6FB}.Release|Any CPU.Build.0 = Release|Any CPU
		{B5272079-C1A4-4075-ABE1-2523EF1CD22C}.Debug|Any CPU.ActiveCfg = Debug|Any CPU
		{B5272079-C1A4-4075-ABE1-2523EF1CD22C}.Debug|Any CPU.Build.0 = Debug|Any CPU
		{B5272079-C1A4-4075-ABE1-2523EF1CD22C}.Release|Any CPU.ActiveCfg = Release|Any CPU
		{B5272079-C1A4-4075-ABE1-2523EF1CD22C}.Release|Any CPU.Build.0 = Release|Any CPU
		{DDC6F492-C15D-4D33-A402-B1E4FE1F60BF}.Debug|Any CPU.ActiveCfg = Debug|Any CPU
		{DDC6F492-C15D-4D33-A402-B1E4FE1F60BF}.Debug|Any CPU.Build.0 = Debug|Any CPU
		{DDC6F492-C15D-4D33-A402-B1E4FE1F60BF}.Release|Any CPU.ActiveCfg = Release|Any CPU
		{DDC6F492-C15D-4D33-A402-B1E4FE1F60BF}.Release|Any CPU.Build.0 = Release|Any CPU
	EndGlobalSection
	GlobalSection(SolutionProperties) = preSolution
		HideSolutionNode = FALSE
	EndGlobalSection
	GlobalSection(NestedProjects) = preSolution
		{103D5B4C-4035-4829-8D78-55EC6665E6FB} = {22E7C3C1-F1B5-4C50-9BBC-4B772BD6C303}
		{B5272079-C1A4-4075-ABE1-2523EF1CD22C} = {22E7C3C1-F1B5-4C50-9BBC-4B772BD6C303}
		{DDC6F492-C15D-4D33-A402-B1E4FE1F60BF} = {22E7C3C1-F1B5-4C50-9BBC-4B772BD6C303}
	EndGlobalSection
EndGlobal
